
Microsoft Visual Studio Solution File, Format Version 12.00
# Visual Studio 15
VisualStudioVersion = 15.0.28307.2092
MinimumVisualStudioVersion = 10.0.40219.1
Project("{2150E333-8FDC-42A3-9474-1A3956D46DE8}") = "Foundation", "Foundation", "{BFB14EBF-9195-4212-BE33-BA7B9E07D1E7}"
EndProject
Project("{2150E333-8FDC-42A3-9474-1A3956D46DE8}") = "Feature", "Feature", "{5E80DF64-CBF8-4D60-B36B-053BF5D520BD}"
EndProject
Project("{2150E333-8FDC-42A3-9474-1A3956D46DE8}") = "Configuration", "Configuration", "{AF6A2564-8520-4101-A7AC-A7E183A31E2A}"
	ProjectSection(SolutionItems) = preProject
		gulp-config.js = gulp-config.js
		gulpfile.js = gulpfile.js
		package.json = package.json
		sitecore.json = sitecore.json
	EndProjectSection
EndProject
Project("{2150E333-8FDC-42A3-9474-1A3956D46DE8}") = "Project", "Project", "{F10B3AE1-610F-47D1-BB77-873BF92AF5BD}"
EndProject
Project("{2150E333-8FDC-42A3-9474-1A3956D46DE8}") = "StandBlog", "StandBlog", "{F16D3979-2A71-4C1C-AE56-301C80DF3CD0}"
	ProjectSection(SolutionItems) = preProject
		..\..\..\Downloads\SXA-Project-feature-SC-InitialSetup\SitecoreShades\src\Project\StandBlog\Project.StandBlog.module.json = ..\..\..\Downloads\SXA-Project-feature-SC-InitialSetup\SitecoreShades\src\Project\StandBlog\Project.StandBlog.module.json
	EndProjectSection
EndProject
Project("{FAE04EC0-301F-11D3-BF4B-00C04F79EFBC}") = "HelixSetupSolution.Project.StandBlog", "src\Project\StandBlog\code\HelixSetupSolution.Project.StandBlog.csproj", "{893B9E4F-62F0-49DB-9F10-CE06ABC1E3A5}"
EndProject
Project("{2150E333-8FDC-42A3-9474-1A3956D46DE8}") = "Serilization", "Serilization", "{C508725D-DB60-4760-8D2A-C942B2225EEF}"
	ProjectSection(SolutionItems) = preProject
		src\Foundation\Serilization\Foundation.HelixSetupSolution.module.json = src\Foundation\Serilization\Foundation.HelixSetupSolution.module.json
	EndProjectSection
EndProject
Project("{2150E333-8FDC-42A3-9474-1A3956D46DE8}") = "ScribanExtension", "ScribanExtension", "{E6C5FEF0-279C-4F43-83E0-7BFC62D2C02E}"
EndProject
Project("{FAE04EC0-301F-11D3-BF4B-00C04F79EFBC}") = "Foundation.ScribanExtension", "src\Foundation\ScribanExtension\code\Foundation.ScribanExtension.csproj", "{0FCEBBE7-08CB-496E-9A87-542B7D2AA7BE}"
EndProject
Project("{2150E333-8FDC-42A3-9474-1A3956D46DE8}") = "Website", "Website", "{711B2E75-A7DD-430C-BE42-8308437D823D}"
	ProjectSection(SolutionItems) = preProject
		src\Project\Website\Project.Website.module.json = src\Project\Website\Project.Website.module.json
	EndProjectSection
EndProject
Project("{FAE04EC0-301F-11D3-BF4B-00C04F79EFBC}") = "Project.Website", "src\Project\Website\code\Project.Website.csproj", "{029605AB-1240-47B0-91A2-C8F718A94D75}"
EndProject
Project("{2150E333-8FDC-42A3-9474-1A3956D46DE8}") = "Blog", "Blog", "{185DF3B5-5A27-46A9-BB2D-67E982670E6E}"
	ProjectSection(SolutionItems) = preProject
		src\Feature\Blog\Feature.Blog.module.json = src\Feature\Blog\Feature.Blog.module.json
	EndProjectSection
EndProject
Project("{2150E333-8FDC-42A3-9474-1A3956D46DE8}") = "Hero", "Hero", "{31D6888A-DD3A-4760-AE0A-52C5661A7340}"
	ProjectSection(SolutionItems) = preProject
		src\Feature\Hero\Feature.Hero.module.json = src\Feature\Hero\Feature.Hero.module.json
	EndProjectSection
EndProject
Project("{FAE04EC0-301F-11D3-BF4B-00C04F79EFBC}") = "Feature.Blog", "src\Feature\Blog\code\Feature.Blog.csproj", "{697F0EFA-F6DE-4199-A9E2-3A650F890E82}"
EndProject
Project("{FAE04EC0-301F-11D3-BF4B-00C04F79EFBC}") = "Feature.Hero", "src\Feature\Hero\code\Feature.Hero.csproj", "{B06F814A-4C40-4DE0-98CA-144CEDAF06C5}"
EndProject
Project("{2150E333-8FDC-42A3-9474-1A3956D46DE8}") = "StandBlog", "StandBlog", "{2C6FA71D-709D-4322-B796-F2FBE650253C}"
EndProject
Project("{2150E333-8FDC-42A3-9474-1A3956D46DE8}") = "Views", "Views", "{DE036FB0-B83F-43C7-B8DD-4B1A8B5529D6}"
	ProjectSection(SolutionItems) = preProject
		..\..\..\..\..\inetpub\wwwroot\sitecoretestsc.dev.local\StandBlog\Web.config = ..\..\..\..\..\inetpub\wwwroot\sitecoretestsc.dev.local\StandBlog\Web.config
	EndProjectSection
EndProject
Project("{2150E333-8FDC-42A3-9474-1A3956D46DE8}") = "Carousel", "Carousel", "{9BE17BFC-5EFE-4E27-B4D9-2E25D5A5A0A4}"
	ProjectSection(SolutionItems) = preProject
		..\..\..\..\..\inetpub\wwwroot\sitecoretestsc.dev.local\StandBlog\Views\Carousel\Carousel.cshtml = ..\..\..\..\..\inetpub\wwwroot\sitecoretestsc.dev.local\StandBlog\Views\Carousel\Carousel.cshtml
	EndProjectSection
EndProject
Project("{2150E333-8FDC-42A3-9474-1A3956D46DE8}") = "LinkList", "LinkList", "{02FFC013-64BC-4ACE-A42A-5735DFF5A708}"
	ProjectSection(SolutionItems) = preProject
		..\..\..\..\..\inetpub\wwwroot\sitecoretestsc.dev.local\StandBlog\Views\LinkList\Link List.cshtml = ..\..\..\..\..\inetpub\wwwroot\sitecoretestsc.dev.local\StandBlog\Views\LinkList\Link List.cshtml
	EndProjectSection
EndProject
Project("{2150E333-8FDC-42A3-9474-1A3956D46DE8}") = "Navigation", "Navigation", "{CDA54EBB-2AD9-45F1-BC02-14ECF6B0C6C6}"
	ProjectSection(SolutionItems) = preProject
		..\..\..\..\..\inetpub\wwwroot\sitecoretestsc.dev.local\StandBlog\Views\Navigation\Navigation.cshtml = ..\..\..\..\..\inetpub\wwwroot\sitecoretestsc.dev.local\StandBlog\Views\Navigation\Navigation.cshtml
		..\..\..\..\..\inetpub\wwwroot\sitecoretestsc.dev.local\StandBlog\Views\Navigation\NavigationLevel.cshtml = ..\..\..\..\..\inetpub\wwwroot\sitecoretestsc.dev.local\StandBlog\Views\Navigation\NavigationLevel.cshtml
	EndProjectSection
EndProject
Global
	GlobalSection(SolutionConfigurationPlatforms) = preSolution
		Debug|Any CPU = Debug|Any CPU
		Release|Any CPU = Release|Any CPU
	EndGlobalSection
	GlobalSection(ProjectConfigurationPlatforms) = postSolution
		{893B9E4F-62F0-49DB-9F10-CE06ABC1E3A5}.Debug|Any CPU.ActiveCfg = Debug|Any CPU
		{893B9E4F-62F0-49DB-9F10-CE06ABC1E3A5}.Debug|Any CPU.Build.0 = Debug|Any CPU
		{893B9E4F-62F0-49DB-9F10-CE06ABC1E3A5}.Release|Any CPU.ActiveCfg = Release|Any CPU
		{893B9E4F-62F0-49DB-9F10-CE06ABC1E3A5}.Release|Any CPU.Build.0 = Release|Any CPU
		{0FCEBBE7-08CB-496E-9A87-542B7D2AA7BE}.Debug|Any CPU.ActiveCfg = Debug|Any CPU
		{0FCEBBE7-08CB-496E-9A87-542B7D2AA7BE}.Debug|Any CPU.Build.0 = Debug|Any CPU
		{0FCEBBE7-08CB-496E-9A87-542B7D2AA7BE}.Release|Any CPU.ActiveCfg = Release|Any CPU
		{0FCEBBE7-08CB-496E-9A87-542B7D2AA7BE}.Release|Any CPU.Build.0 = Release|Any CPU
		{029605AB-1240-47B0-91A2-C8F718A94D75}.Debug|Any CPU.ActiveCfg = Debug|Any CPU
		{029605AB-1240-47B0-91A2-C8F718A94D75}.Debug|Any CPU.Build.0 = Debug|Any CPU
		{029605AB-1240-47B0-91A2-C8F718A94D75}.Release|Any CPU.ActiveCfg = Release|Any CPU
		{029605AB-1240-47B0-91A2-C8F718A94D75}.Release|Any CPU.Build.0 = Release|Any CPU
		{697F0EFA-F6DE-4199-A9E2-3A650F890E82}.Debug|Any CPU.ActiveCfg = Debug|Any CPU
		{697F0EFA-F6DE-4199-A9E2-3A650F890E82}.Debug|Any CPU.Build.0 = Debug|Any CPU
		{697F0EFA-F6DE-4199-A9E2-3A650F890E82}.Release|Any CPU.ActiveCfg = Release|Any CPU
		{697F0EFA-F6DE-4199-A9E2-3A650F890E82}.Release|Any CPU.Build.0 = Release|Any CPU
		{B06F814A-4C40-4DE0-98CA-144CEDAF06C5}.Debug|Any CPU.ActiveCfg = Debug|Any CPU
		{B06F814A-4C40-4DE0-98CA-144CEDAF06C5}.Debug|Any CPU.Build.0 = Debug|Any CPU
		{B06F814A-4C40-4DE0-98CA-144CEDAF06C5}.Release|Any CPU.ActiveCfg = Release|Any CPU
		{B06F814A-4C40-4DE0-98CA-144CEDAF06C5}.Release|Any CPU.Build.0 = Release|Any CPU
	EndGlobalSection
	GlobalSection(SolutionProperties) = preSolution
		HideSolutionNode = FALSE
	EndGlobalSection
	GlobalSection(NestedProjects) = preSolution
		{F16D3979-2A71-4C1C-AE56-301C80DF3CD0} = {F10B3AE1-610F-47D1-BB77-873BF92AF5BD}
		{893B9E4F-62F0-49DB-9F10-CE06ABC1E3A5} = {F16D3979-2A71-4C1C-AE56-301C80DF3CD0}
		{C508725D-DB60-4760-8D2A-C942B2225EEF} = {BFB14EBF-9195-4212-BE33-BA7B9E07D1E7}
		{E6C5FEF0-279C-4F43-83E0-7BFC62D2C02E} = {BFB14EBF-9195-4212-BE33-BA7B9E07D1E7}
		{0FCEBBE7-08CB-496E-9A87-542B7D2AA7BE} = {E6C5FEF0-279C-4F43-83E0-7BFC62D2C02E}
		{711B2E75-A7DD-430C-BE42-8308437D823D} = {F10B3AE1-610F-47D1-BB77-873BF92AF5BD}
		{029605AB-1240-47B0-91A2-C8F718A94D75} = {711B2E75-A7DD-430C-BE42-8308437D823D}
		{185DF3B5-5A27-46A9-BB2D-67E982670E6E} = {5E80DF64-CBF8-4D60-B36B-053BF5D520BD}
		{31D6888A-DD3A-4760-AE0A-52C5661A7340} = {5E80DF64-CBF8-4D60-B36B-053BF5D520BD}
		{697F0EFA-F6DE-4199-A9E2-3A650F890E82} = {185DF3B5-5A27-46A9-BB2D-67E982670E6E}
		{B06F814A-4C40-4DE0-98CA-144CEDAF06C5} = {31D6888A-DD3A-4760-AE0A-52C5661A7340}
		{2C6FA71D-709D-4322-B796-F2FBE650253C} = {F16D3979-2A71-4C1C-AE56-301C80DF3CD0}
		{DE036FB0-B83F-43C7-B8DD-4B1A8B5529D6} = {2C6FA71D-709D-4322-B796-F2FBE650253C}
		{9BE17BFC-5EFE-4E27-B4D9-2E25D5A5A0A4} = {DE036FB0-B83F-43C7-B8DD-4B1A8B5529D6}
		{02FFC013-64BC-4ACE-A42A-5735DFF5A708} = {DE036FB0-B83F-43C7-B8DD-4B1A8B5529D6}
		{CDA54EBB-2AD9-45F1-BC02-14ECF6B0C6C6} = {DE036FB0-B83F-43C7-B8DD-4B1A8B5529D6}
	EndGlobalSection
	GlobalSection(ExtensibilityGlobals) = postSolution
		SolutionGuid = {5FDE6175-1207-4846-BD50-DDEF418FC7F4}
		EnterpriseLibraryConfigurationToolBinariesPathV6 = packages\EnterpriseLibrary.Common.6.0.1304.0\lib\NET45;packages\EnterpriseLibrary.TransientFaultHandling.6.0.1304.0\lib\portable-net45+win+wp8;packages\EnterpriseLibrary.TransientFaultHandling.Caching.6.0.1304.0\lib\NET45;packages\EnterpriseLibrary.TransientFaultHandling.Data.6.0.1304.1\lib\NET45;packages\EnterpriseLibrary.TransientFaultHandling.ServiceBus.6.0.1304.0\lib\NET45;packages\EnterpriseLibrary.TransientFaultHandling.WindowsAzure.Storage.6.0.1304.0\lib\NET45;packages\EnterpriseLibrary.TransientFaultHandling.Configuration.6.0.1304.0\lib\NET45
	EndGlobalSection
EndGlobal
